// !$*UTF8*$!
{
	archiveVersion = 1;
	classes = {
	};
	objectVersion = 50;
	objects = {

/* Begin PBXBuildFile section */
		7286383325B6D882007C5F52 /* AppDelegate.m in Sources */ = {isa = PBXBuildFile; fileRef = 7286383225B6D882007C5F52 /* AppDelegate.m */; };
		7286383625B6D882007C5F52 /* SceneDelegate.m in Sources */ = {isa = PBXBuildFile; fileRef = 7286383525B6D882007C5F52 /* SceneDelegate.m */; };
		7286383925B6D882007C5F52 /* ViewController.m in Sources */ = {isa = PBXBuildFile; fileRef = 7286383825B6D882007C5F52 /* ViewController.m */; };
		7286383C25B6D882007C5F52 /* Main.storyboard in Resources */ = {isa = PBXBuildFile; fileRef = 7286383A25B6D882007C5F52 /* Main.storyboard */; };
		7286383E25B6D885007C5F52 /* Assets.xcassets in Resources */ = {isa = PBXBuildFile; fileRef = 7286383D25B6D885007C5F52 /* Assets.xcassets */; };
		7286384125B6D885007C5F52 /* LaunchScreen.storyboard in Resources */ = {isa = PBXBuildFile; fileRef = 7286383F25B6D885007C5F52 /* LaunchScreen.storyboard */; };
		7286384425B6D885007C5F52 /* main.m in Sources */ = {isa = PBXBuildFile; fileRef = 7286384325B6D885007C5F52 /* main.m */; };
		72AF204525B6EBD200EBE5E0 /* GoogleService-Info.plist in Resources */ = {isa = PBXBuildFile; fileRef = 72AF204425B6EBD200EBE5E0 /* GoogleService-Info.plist */; };
		B29EAC09E5503379C6733AC9 /* libPods-Dreamer.a in Frameworks */ = {isa = PBXBuildFile; fileRef = 3048149215F4797F6720DED9 /* libPods-Dreamer.a */; };
/* End PBXBuildFile section */

/* Begin PBXFileReference section */
		1C7E3357E32572372F743CE6 /* Pods-Dreamer.debug.xcconfig */ = {isa = PBXFileReference; includeInIndex = 1; lastKnownFileType = text.xcconfig; name = "Pods-Dreamer.debug.xcconfig"; path = "Target Support Files/Pods-Dreamer/Pods-Dreamer.debug.xcconfig"; sourceTree = "<group>"; };
		3048149215F4797F6720DED9 /* libPods-Dreamer.a */ = {isa = PBXFileReference; explicitFileType = archive.ar; includeInIndex = 0; path = "libPods-Dreamer.a"; sourceTree = BUILT_PRODUCTS_DIR; };
		6F619E525CEEE0823293FA0E /* Pods-Dreamer.release.xcconfig */ = {isa = PBXFileReference; includeInIndex = 1; lastKnownFileType = text.xcconfig; name = "Pods-Dreamer.release.xcconfig"; path = "Target Support Files/Pods-Dreamer/Pods-Dreamer.release.xcconfig"; sourceTree = "<group>"; };
		7286382E25B6D882007C5F52 /* Dreamer.app */ = {isa = PBXFileReference; explicitFileType = wrapper.application; includeInIndex = 0; path = Dreamer.app; sourceTree = BUILT_PRODUCTS_DIR; };
		7286383125B6D882007C5F52 /* AppDelegate.h */ = {isa = PBXFileReference; lastKnownFileType = sourcecode.c.h; path = AppDelegate.h; sourceTree = "<group>"; };
		7286383225B6D882007C5F52 /* AppDelegate.m */ = {isa = PBXFileReference; lastKnownFileType = sourcecode.c.objc; path = AppDelegate.m; sourceTree = "<group>"; };
		7286383425B6D882007C5F52 /* SceneDelegate.h */ = {isa = PBXFileReference; lastKnownFileType = sourcecode.c.h; path = SceneDelegate.h; sourceTree = "<group>"; };
		7286383525B6D882007C5F52 /* SceneDelegate.m */ = {isa = PBXFileReference; lastKnownFileType = sourcecode.c.objc; path = SceneDelegate.m; sourceTree = "<group>"; };
		7286383725B6D882007C5F52 /* ViewController.h */ = {isa = PBXFileReference; lastKnownFileType = sourcecode.c.h; path = ViewController.h; sourceTree = "<group>"; };
		7286383825B6D882007C5F52 /* ViewController.m */ = {isa = PBXFileReference; lastKnownFileType = sourcecode.c.objc; path = ViewController.m; sourceTree = "<group>"; };
		7286383B25B6D882007C5F52 /* Base */ = {isa = PBXFileReference; lastKnownFileType = file.storyboard; name = Base; path = Base.lproj/Main.storyboard; sourceTree = "<group>"; };
		7286383D25B6D885007C5F52 /* Assets.xcassets */ = {isa = PBXFileReference; lastKnownFileType = folder.assetcatalog; path = Assets.xcassets; sourceTree = "<group>"; };
		7286384025B6D885007C5F52 /* Base */ = {isa = PBXFileReference; lastKnownFileType = file.storyboard; name = Base; path = Base.lproj/LaunchScreen.storyboard; sourceTree = "<group>"; };
		7286384225B6D885007C5F52 /* Info.plist */ = {isa = PBXFileReference; lastKnownFileType = text.plist.xml; path = Info.plist; sourceTree = "<group>"; };
		7286384325B6D885007C5F52 /* main.m */ = {isa = PBXFileReference; lastKnownFileType = sourcecode.c.objc; path = main.m; sourceTree = "<group>"; };
		72AF204425B6EBD200EBE5E0 /* GoogleService-Info.plist */ = {isa = PBXFileReference; fileEncoding = 4; lastKnownFileType = text.plist.xml; path = "GoogleService-Info.plist"; sourceTree = "<group>"; };
		72DE187925B6E44D006E7B47 /* PrefixHeader.pch */ = {isa = PBXFileReference; lastKnownFileType = sourcecode.c.h; path = PrefixHeader.pch; sourceTree = "<group>"; };
/* End PBXFileReference section */

/* Begin PBXFrameworksBuildPhase section */
		7286382B25B6D882007C5F52 /* Frameworks */ = {
			isa = PBXFrameworksBuildPhase;
			buildActionMask = 2147483647;
			files = (
				B29EAC09E5503379C6733AC9 /* libPods-Dreamer.a in Frameworks */,
			);
			runOnlyForDeploymentPostprocessing = 0;
		};
/* End PBXFrameworksBuildPhase section */

/* Begin PBXGroup section */
		7286382525B6D882007C5F52 = {
			isa = PBXGroup;
			children = (
				7286383025B6D882007C5F52 /* Dreamer */,
				7286382F25B6D882007C5F52 /* Products */,
				78ABCFD87556DC4922960EEE /* Pods */,
				B02FF9084E560883550AC222 /* Frameworks */,
			);
			sourceTree = "<group>";
		};
		7286382F25B6D882007C5F52 /* Products */ = {
			isa = PBXGroup;
			children = (
				7286382E25B6D882007C5F52 /* Dreamer.app */,
			);
			name = Products;
			sourceTree = "<group>";
		};
		7286383025B6D882007C5F52 /* Dreamer */ = {
			isa = PBXGroup;
			children = (
				72AF204425B6EBD200EBE5E0 /* GoogleService-Info.plist */,
				72DE187725B6E3F4006E7B47 /* Class */,
				72DE187625B6E3F2006E7B47 /* Libs&SDKs */,
				72DE187525B6E3F0006E7B47 /* Other */,
				72DE187425B6E3ED006E7B47 /* New Group */,
				7286383125B6D882007C5F52 /* AppDelegate.h */,
				7286383225B6D882007C5F52 /* AppDelegate.m */,
				7286383425B6D882007C5F52 /* SceneDelegate.h */,
				7286383525B6D882007C5F52 /* SceneDelegate.m */,
				7286383725B6D882007C5F52 /* ViewController.h */,
				7286383825B6D882007C5F52 /* ViewController.m */,
				7286383A25B6D882007C5F52 /* Main.storyboard */,
				7286383D25B6D885007C5F52 /* Assets.xcassets */,
				7286383F25B6D885007C5F52 /* LaunchScreen.storyboard */,
				7286384225B6D885007C5F52 /* Info.plist */,
				7286384325B6D885007C5F52 /* main.m */,
			);
			path = Dreamer;
			sourceTree = "<group>";
		};
		72DE187425B6E3ED006E7B47 /* New Group */ = {
			isa = PBXGroup;
			children = (
			);
			path = "New Group";
			sourceTree = "<group>";
		};
		72DE187525B6E3F0006E7B47 /* Other */ = {
			isa = PBXGroup;
			children = (
				72DE187825B6E42B006E7B47 /* Macro */,
			);
			path = Other;
			sourceTree = "<group>";
		};
		72DE187625B6E3F2006E7B47 /* Libs&SDKs */ = {
			isa = PBXGroup;
			children = (
			);
			path = "Libs&SDKs";
			sourceTree = "<group>";
		};
		72DE187725B6E3F4006E7B47 /* Class */ = {
			isa = PBXGroup;
			children = (
				72DE187F25B6E580006E7B47 /* Common */,
				72DE187E25B6E57D006E7B47 /* New Group4 */,
				72DE187D25B6E57B006E7B47 /* New Group3 */,
				72DE187C25B6E579006E7B47 /* New Group2 */,
				72DE187B25B6E574006E7B47 /* New Group1 */,
				72DE187A25B6E571006E7B47 /* New Group */,
			);
			path = Class;
			sourceTree = "<group>";
		};
		72DE187825B6E42B006E7B47 /* Macro */ = {
			isa = PBXGroup;
			children = (
				72DE187925B6E44D006E7B47 /* PrefixHeader.pch */,
			);
			path = Macro;
			sourceTree = "<group>";
		};
		72DE187A25B6E571006E7B47 /* New Group */ = {
			isa = PBXGroup;
			children = (
			);
			path = "New Group";
			sourceTree = "<group>";
		};
		72DE187B25B6E574006E7B47 /* New Group1 */ = {
			isa = PBXGroup;
			children = (
			);
			path = "New Group1";
			sourceTree = "<group>";
		};
		72DE187C25B6E579006E7B47 /* New Group2 */ = {
			isa = PBXGroup;
			children = (
			);
			path = "New Group2";
			sourceTree = "<group>";
		};
		72DE187D25B6E57B006E7B47 /* New Group3 */ = {
			isa = PBXGroup;
			children = (
			);
			path = "New Group3";
			sourceTree = "<group>";
		};
		72DE187E25B6E57D006E7B47 /* New Group4 */ = {
			isa = PBXGroup;
			children = (
			);
			path = "New Group4";
			sourceTree = "<group>";
		};
		72DE187F25B6E580006E7B47 /* Common */ = {
			isa = PBXGroup;
			children = (
				72DE188025B6E59C006E7B47 /* Base */,
			);
			path = Common;
			sourceTree = "<group>";
		};
		72DE188025B6E59C006E7B47 /* Base */ = {
			isa = PBXGroup;
			children = (
				72DE188125B6E5A7006E7B47 /* Appdelegate */,
			);
			path = Base;
			sourceTree = "<group>";
		};
		72DE188125B6E5A7006E7B47 /* Appdelegate */ = {
			isa = PBXGroup;
			children = (
			);
			path = Appdelegate;
			sourceTree = "<group>";
		};
		78ABCFD87556DC4922960EEE /* Pods */ = {
			isa = PBXGroup;
			children = (
				1C7E3357E32572372F743CE6 /* Pods-Dreamer.debug.xcconfig */,
				6F619E525CEEE0823293FA0E /* Pods-Dreamer.release.xcconfig */,
			);
			path = Pods;
			sourceTree = "<group>";
		};
		B02FF9084E560883550AC222 /* Frameworks */ = {
			isa = PBXGroup;
			children = (
				3048149215F4797F6720DED9 /* libPods-Dreamer.a */,
			);
			name = Frameworks;
			sourceTree = "<group>";
		};
/* End PBXGroup section */

/* Begin PBXNativeTarget section */
		7286382D25B6D882007C5F52 /* Dreamer */ = {
			isa = PBXNativeTarget;
			buildConfigurationList = 7286384725B6D885007C5F52 /* Build configuration list for PBXNativeTarget "Dreamer" */;
			buildPhases = (
				4E9620596B506B4AD645B3C7 /* [CP] Check Pods Manifest.lock */,
				7286382A25B6D882007C5F52 /* Sources */,
				7286382B25B6D882007C5F52 /* Frameworks */,
				7286382C25B6D882007C5F52 /* Resources */,
			);
			buildRules = (
			);
			dependencies = (
			);
			name = Dreamer;
			productName = Dreamer;
			productReference = 7286382E25B6D882007C5F52 /* Dreamer.app */;
			productType = "com.apple.product-type.application";
		};
/* End PBXNativeTarget section */

/* Begin PBXProject section */
		7286382625B6D882007C5F52 /* Project object */ = {
			isa = PBXProject;
			attributes = {
				LastUpgradeCheck = 1230;
				TargetAttributes = {
					7286382D25B6D882007C5F52 = {
						CreatedOnToolsVersion = 12.3;
					};
				};
			};
			buildConfigurationList = 7286382925B6D882007C5F52 /* Build configuration list for PBXProject "Dreamer" */;
			compatibilityVersion = "Xcode 9.3";
			developmentRegion = en;
			hasScannedForEncodings = 0;
			knownRegions = (
				en,
				Base,
			);
			mainGroup = 7286382525B6D882007C5F52;
			productRefGroup = 7286382F25B6D882007C5F52 /* Products */;
			projectDirPath = "";
			projectRoot = "";
			targets = (
				7286382D25B6D882007C5F52 /* Dreamer */,
			);
		};
/* End PBXProject section */

/* Begin PBXResourcesBuildPhase section */
		7286382C25B6D882007C5F52 /* Resources */ = {
			isa = PBXResourcesBuildPhase;
			buildActionMask = 2147483647;
			files = (
				7286384125B6D885007C5F52 /* LaunchScreen.storyboard in Resources */,
				72AF204525B6EBD200EBE5E0 /* GoogleService-Info.plist in Resources */,
				7286383E25B6D885007C5F52 /* Assets.xcassets in Resources */,
				7286383C25B6D882007C5F52 /* Main.storyboard in Resources */,
			);
			runOnlyForDeploymentPostprocessing = 0;
		};
/* End PBXResourcesBuildPhase section */

/* Begin PBXShellScriptBuildPhase section */
		4E9620596B506B4AD645B3C7 /* [CP] Check Pods Manifest.lock */ = {
			isa = PBXShellScriptBuildPhase;
			buildActionMask = 2147483647;
			files = (
			);
			inputFileListPaths = (
			);
			inputPaths = (
				"${PODS_PODFILE_DIR_PATH}/Podfile.lock",
				"${PODS_ROOT}/Manifest.lock",
			);
			name = "[CP] Check Pods Manifest.lock";
			outputFileListPaths = (
			);
			outputPaths = (
				"$(DERIVED_FILE_DIR)/Pods-Dreamer-checkManifestLockResult.txt",
			);
			runOnlyForDeploymentPostprocessing = 0;
			shellPath = /bin/sh;
			shellScript = "diff \"${PODS_PODFILE_DIR_PATH}/Podfile.lock\" \"${PODS_ROOT}/Manifest.lock\" > /dev/null\nif [ $? != 0 ] ; then\n    # print error to STDERR\n    echo \"error: The sandbox is not in sync with the Podfile.lock. Run 'pod install' or update your CocoaPods installation.\" >&2\n    exit 1\nfi\n# This output is used by Xcode 'outputs' to avoid re-running this script phase.\necho \"SUCCESS\" > \"${SCRIPT_OUTPUT_FILE_0}\"\n";
			showEnvVarsInLog = 0;
		};
/* End PBXShellScriptBuildPhase section */

/* Begin PBXSourcesBuildPhase section */
		7286382A25B6D882007C5F52 /* Sources */ = {
			isa = PBXSourcesBuildPhase;
			buildActionMask = 2147483647;
			files = (
				7286383925B6D882007C5F52 /* ViewController.m in Sources */,
				7286383325B6D882007C5F52 /* AppDelegate.m in Sources */,
				7286384425B6D885007C5F52 /* main.m in Sources */,
				7286383625B6D882007C5F52 /* SceneDelegate.m in Sources */,
			);
			runOnlyForDeploymentPostprocessing = 0;
		};
/* End PBXSourcesBuildPhase section */

/* Begin PBXVariantGroup section */
		7286383A25B6D882007C5F52 /* Main.storyboard */ = {
			isa = PBXVariantGroup;
			children = (
				7286383B25B6D882007C5F52 /* Base */,
			);
			name = Main.storyboard;
			sourceTree = "<group>";
		};
		7286383F25B6D885007C5F52 /* LaunchScreen.storyboard */ = {
			isa = PBXVariantGroup;
			children = (
				7286384025B6D885007C5F52 /* Base */,
			);
			name = LaunchScreen.storyboard;
			sourceTree = "<group>";
		};
/* End PBXVariantGroup section */

/* Begin XCBuildConfiguration section */
		7286384525B6D885007C5F52 /* Debug */ = {
			isa = XCBuildConfiguration;
			buildSettings = {
				ALWAYS_SEARCH_USER_PATHS = NO;
				CLANG_ANALYZER_NONNULL = YES;
				CLANG_ANALYZER_NUMBER_OBJECT_CONVERSION = YES_AGGRESSIVE;
				CLANG_CXX_LANGUAGE_STANDARD = "gnu++14";
				CLANG_CXX_LIBRARY = "libc++";
				CLANG_ENABLE_MODULES = YES;
				CLANG_ENABLE_OBJC_ARC = YES;
				CLANG_ENABLE_OBJC_WEAK = YES;
				CLANG_WARN_BLOCK_CAPTURE_AUTORELEASING = YES;
				CLANG_WARN_BOOL_CONVERSION = YES;
				CLANG_WARN_COMMA = YES;
				CLANG_WARN_CONSTANT_CONVERSION = YES;
				CLANG_WARN_DEPRECATED_OBJC_IMPLEMENTATIONS = YES;
				CLANG_WARN_DIRECT_OBJC_ISA_USAGE = YES_ERROR;
				CLANG_WARN_DOCUMENTATION_COMMENTS = YES;
				CLANG_WARN_EMPTY_BODY = YES;
				CLANG_WARN_ENUM_CONVERSION = YES;
				CLANG_WARN_INFINITE_RECURSION = YES;
				CLANG_WARN_INT_CONVERSION = YES;
				CLANG_WARN_NON_LITERAL_NULL_CONVERSION = YES;
				CLANG_WARN_OBJC_IMPLICIT_RETAIN_SELF = YES;
				CLANG_WARN_OBJC_LITERAL_CONVERSION = YES;
				CLANG_WARN_OBJC_ROOT_CLASS = YES_ERROR;
				CLANG_WARN_QUOTED_INCLUDE_IN_FRAMEWORK_HEADER = YES;
				CLANG_WARN_RANGE_LOOP_ANALYSIS = YES;
				CLANG_WARN_STRICT_PROTOTYPES = YES;
				CLANG_WARN_SUSPICIOUS_MOVE = YES;
				CLANG_WARN_UNGUARDED_AVAILABILITY = YES_AGGRESSIVE;
				CLANG_WARN_UNREACHABLE_CODE = YES;
				CLANG_WARN__DUPLICATE_METHOD_MATCH = YES;
				COPY_PHASE_STRIP = NO;
				DEBUG_INFORMATION_FORMAT = dwarf;
				ENABLE_STRICT_OBJC_MSGSEND = YES;
				ENABLE_TESTABILITY = YES;
				GCC_C_LANGUAGE_STANDARD = gnu11;
				GCC_DYNAMIC_NO_PIC = NO;
				GCC_NO_COMMON_BLOCKS = YES;
				GCC_OPTIMIZATION_LEVEL = 0;
				GCC_PREPROCESSOR_DEFINITIONS = (
					"DEBUG=1",
					"$(inherited)",
				);
				GCC_WARN_64_TO_32_BIT_CONVERSION = YES;
				GCC_WARN_ABOUT_RETURN_TYPE = YES_ERROR;
				GCC_WARN_UNDECLARED_SELECTOR = YES;
				GCC_WARN_UNINITIALIZED_AUTOS = YES_AGGRESSIVE;
				GCC_WARN_UNUSED_FUNCTION = YES;
				GCC_WARN_UNUSED_VARIABLE = YES;
				IPHONEOS_DEPLOYMENT_TARGET = 14.3;
				MTL_ENABLE_DEBUG_INFO = INCLUDE_SOURCE;
				MTL_FAST_MATH = YES;
				ONLY_ACTIVE_ARCH = YES;
				SDKROOT = iphoneos;
			};
			name = Debug;
		};
		7286384625B6D885007C5F52 /* Release */ = {
			isa = XCBuildConfiguration;
			buildSettings = {
				ALWAYS_SEARCH_USER_PATHS = NO;
				CLANG_ANALYZER_NONNULL = YES;
				CLANG_ANALYZER_NUMBER_OBJECT_CONVERSION = YES_AGGRESSIVE;
				CLANG_CXX_LANGUAGE_STANDARD = "gnu++14";
				CLANG_CXX_LIBRARY = "libc++";
				CLANG_ENABLE_MODULES = YES;
				CLANG_ENABLE_OBJC_ARC = YES;
				CLANG_ENABLE_OBJC_WEAK = YES;
				CLANG_WARN_BLOCK_CAPTURE_AUTORELEASING = YES;
				CLANG_WARN_BOOL_CONVERSION = YES;
				CLANG_WARN_COMMA = YES;
				CLANG_WARN_CONSTANT_CONVERSION = YES;
				CLANG_WARN_DEPRECATED_OBJC_IMPLEMENTATIONS = YES;
				CLANG_WARN_DIRECT_OBJC_ISA_USAGE = YES_ERROR;
				CLANG_WARN_DOCUMENTATION_COMMENTS = YES;
				CLANG_WARN_EMPTY_BODY = YES;
				CLANG_WARN_ENUM_CONVERSION = YES;
				CLANG_WARN_INFINITE_RECURSION = YES;
				CLANG_WARN_INT_CONVERSION = YES;
				CLANG_WARN_NON_LITERAL_NULL_CONVERSION = YES;
				CLANG_WARN_OBJC_IMPLICIT_RETAIN_SELF = YES;
				CLANG_WARN_OBJC_LITERAL_CONVERSION = YES;
				CLANG_WARN_OBJC_ROOT_CLASS = YES_ERROR;
				CLANG_WARN_QUOTED_INCLUDE_IN_FRAMEWORK_HEADER = YES;
				CLANG_WARN_RANGE_LOOP_ANALYSIS = YES;
				CLANG_WARN_STRICT_PROTOTYPES = YES;
				CLANG_WARN_SUSPICIOUS_MOVE = YES;
				CLANG_WARN_UNGUARDED_AVAILABILITY = YES_AGGRESSIVE;
				CLANG_WARN_UNREACHABLE_CODE = YES;
				CLANG_WARN__DUPLICATE_METHOD_MATCH = YES;
				COPY_PHASE_STRIP = NO;
				DEBUG_INFORMATION_FORMAT = "dwarf-with-dsym";
				ENABLE_NS_ASSERTIONS = NO;
				ENABLE_STRICT_OBJC_MSGSEND = YES;
				GCC_C_LANGUAGE_STANDARD = gnu11;
				GCC_NO_COMMON_BLOCKS = YES;
				GCC_WARN_64_TO_32_BIT_CONVERSION = YES;
				GCC_WARN_ABOUT_RETURN_TYPE = YES_ERROR;
				GCC_WARN_UNDECLARED_SELECTOR = YES;
				GCC_WARN_UNINITIALIZED_AUTOS = YES_AGGRESSIVE;
				GCC_WARN_UNUSED_FUNCTION = YES;
				GCC_WARN_UNUSED_VARIABLE = YES;
				IPHONEOS_DEPLOYMENT_TARGET = 14.3;
				MTL_ENABLE_DEBUG_INFO = NO;
				MTL_FAST_MATH = YES;
				SDKROOT = iphoneos;
				VALIDATE_PRODUCT = YES;
			};
			name = Release;
		};
		7286384825B6D885007C5F52 /* Debug */ = {
			isa = XCBuildConfiguration;
			baseConfigurationReference = 1C7E3357E32572372F743CE6 /* Pods-Dreamer.debug.xcconfig */;
			buildSettings = {
				ASSETCATALOG_COMPILER_APPICON_NAME = AppIcon;
				ASSETCATALOG_COMPILER_GLOBAL_ACCENT_COLOR_NAME = AccentColor;
				CODE_SIGN_STYLE = Automatic;
				DEVELOPMENT_TEAM = S52M67C9M5;
				INFOPLIST_FILE = Dreamer/Info.plist;
				IPHONEOS_DEPLOYMENT_TARGET = 10.0;
				LD_RUNPATH_SEARCH_PATHS = (
					"$(inherited)",
					"@executable_path/Frameworks",
				);
				PRODUCT_BUNDLE_IDENTIFIER = com.LM.Dreamer;
				PRODUCT_NAME = "$(TARGET_NAME)";
				TARGETED_DEVICE_FAMILY = "1,2";
			};
			name = Debug;
		};
		7286384925B6D885007C5F52 /* Release */ = {
			isa = XCBuildConfiguration;
			baseConfigurationReference = 6F619E525CEEE0823293FA0E /* Pods-Dreamer.release.xcconfig */;
			buildSettings = {
				ASSETCATALOG_COMPILER_APPICON_NAME = AppIcon;
				ASSETCATALOG_COMPILER_GLOBAL_ACCENT_COLOR_NAME = AccentColor;
				CODE_SIGN_STYLE = Automatic;
				DEVELOPMENT_TEAM = S52M67C9M5;
				INFOPLIST_FILE = Dreamer/Info.plist;
				IPHONEOS_DEPLOYMENT_TARGET = 10.0;
				LD_RUNPATH_SEARCH_PATHS = (
					"$(inherited)",
					"@executable_path/Frameworks",
				);
				PRODUCT_BUNDLE_IDENTIFIER = com.LM.Dreamer;
				PRODUCT_NAME = "$(TARGET_NAME)";
				TARGETED_DEVICE_FAMILY = "1,2";
			};
			name = Release;
		};
/* End XCBuildConfiguration section */

/* Begin XCConfigurationList section */
		7286382925B6D882007C5F52 /* Build configuration list for PBXProject "Dreamer" */ = {
			isa = XCConfigurationList;
			buildConfigurations = (
				7286384525B6D885007C5F52 /* Debug */,
				7286384625B6D885007C5F52 /* Release */,
			);
			defaultConfigurationIsVisible = 0;
			defaultConfigurationName = Release;
		};
		7286384725B6D885007C5F52 /* Build configuration list for PBXNativeTarget "Dreamer" */ = {
			isa = XCConfigurationList;
			buildConfigurations = (
				7286384825B6D885007C5F52 /* Debug */,
				7286384925B6D885007C5F52 /* Release */,
			);
			defaultConfigurationIsVisible = 0;
			defaultConfigurationName = Release;
		};
/* End XCConfigurationList section */
	};
	rootObject = 7286382625B6D882007C5F52 /* Project object */;
}
